
Microsoft Visual Studio Solution File, Format Version 11.00
# Visual Studio 2010
Project("{F184B08F-C81C-45F6-A57F-5ABD9991F28F}") = "Reportes_Isenco", "Reportes_Isenco.vbproj", "{80A6CBE4-0379-46BC-89EE-8310DB5AF413}"
EndProject
Global
	GlobalSection(SolutionConfigurationPlatforms) = preSolution
		Debug|x86 = Debug|x86
		Release|x86 = Release|x86
	EndGlobalSection
	GlobalSection(ProjectConfigurationPlatforms) = postSolution
		{80A6CBE4-0379-46BC-89EE-8310DB5AF413}.Debug|x86.ActiveCfg = Debug|x86
		{80A6CBE4-0379-46BC-89EE-8310DB5AF413}.Debug|x86.Build.0 = Debug|x86
		{80A6CBE4-0379-46BC-89EE-8310DB5AF413}.Release|x86.ActiveCfg = Release|x86
		{80A6CBE4-0379-46BC-89EE-8310DB5AF413}.Release|x86.Build.0 = Release|x86
	EndGlobalSection
	GlobalSection(SolutionProperties) = preSolution
		HideSolutionNode = FALSE
	EndGlobalSection
EndGlobal
