
Microsoft Visual Studio Solution File, Format Version 11.00
# Visual Studio 2010
Project("{F184B08F-C81C-45F6-A57F-5ABD9991F28F}") = "isencoCertificados", "Calificacion_Extra\isencoCertificados.vbproj", "{88A51D0E-B295-4C44-AF76-183906FB1E39}"
EndProject
Global
	GlobalSection(SolutionConfigurationPlatforms) = preSolution
		Debug|x86 = Debug|x86
		Release|x86 = Release|x86
	EndGlobalSection
	GlobalSection(ProjectConfigurationPlatforms) = postSolution
		{88A51D0E-B295-4C44-AF76-183906FB1E39}.Debug|x86.ActiveCfg = Debug|x86
		{88A51D0E-B295-4C44-AF76-183906FB1E39}.Debug|x86.Build.0 = Debug|x86
		{88A51D0E-B295-4C44-AF76-183906FB1E39}.Release|x86.ActiveCfg = Release|x86
		{88A51D0E-B295-4C44-AF76-183906FB1E39}.Release|x86.Build.0 = Release|x86
	EndGlobalSection
	GlobalSection(SolutionProperties) = preSolution
		HideSolutionNode = FALSE
	EndGlobalSection
EndGlobal
